{
  "name": "websocketserver",
  "version": "1.0.0",
  "lockfileVersion": 3,
  "requires": true,
  "packages": {
    "": {
      "name": "websocketserver",
      "version": "1.0.0",
      "license": "ISC",
      "dependencies": {
        "cobs": "^0.2.1",
        "ws": "^8.18.0"
      }
    },
    "node_modules/cobs": {
      "version": "0.2.1",
      "resolved": "https://registry.npmjs.org/cobs/-/cobs-0.2.1.tgz",
      "integrity": "sha512-rf2gUd1MS8AoQQG1xpqlXk3wuoIWAwx//GxloBOf8sj1hN15KEjmP/OkC6lyKTx/J0CrULKM3xzlfj9gq3auAQ==",
      "license": "MIT"
    },
    "node_modules/ws": {
      "version": "8.18.0",
      "resolved": "https://registry.npmjs.org/ws/-/ws-8.18.0.tgz",
      "integrity": "sha512-8VbfWfHLbbwu3+N6OKsOMpBdT4kXPDDB9cJk2bJ6mh9ucxdlnNvH1e+roYkKmN9Nxw2yjz7VzeO9oOz2zJ04Pw==",
      "license": "MIT",
      "engines": {
        "node": ">=10.0.0"
      },
      "peerDependencies": {
        "bufferutil": "^4.0.1",
        "utf-8-validate": ">=5.0.2"
      },
      "peerDependenciesMeta": {
        "bufferutil": {
          "optional": true
        },
        "utf-8-validate": {
          "optional": true
        }
      }
    }
  }
}
